
Microsoft Visual Studio Solution File, Format Version 12.00
# Visual Studio 15
VisualStudioVersion = 15.0.27703.2047
MinimumVisualStudioVersion = 10.0.40219.1
Project("{FAE04EC0-301F-11D3-BF4B-00C04F79EFBC}") = "21-NumeroCuadradoCubo", "21-NumeroCuadradoCubo\21-NumeroCuadradoCubo.csproj", "{F82F490F-5EA7-479E-B0E6-019D75E2B0E6}"
EndProject
Global
	GlobalSection(SolutionConfigurationPlatforms) = preSolution
		Debug|Any CPU = Debug|Any CPU
		Release|Any CPU = Release|Any CPU
	EndGlobalSection
	GlobalSection(ProjectConfigurationPlatforms) = postSolution
		{F82F490F-5EA7-479E-B0E6-019D75E2B0E6}.Debug|Any CPU.ActiveCfg = Debug|Any CPU
		{F82F490F-5EA7-479E-B0E6-019D75E2B0E6}.Debug|Any CPU.Build.0 = Debug|Any CPU
		{F82F490F-5EA7-479E-B0E6-019D75E2B0E6}.Release|Any CPU.ActiveCfg = Release|Any CPU
		{F82F490F-5EA7-479E-B0E6-019D75E2B0E6}.Release|Any CPU.Build.0 = Release|Any CPU
	EndGlobalSection
	GlobalSection(SolutionProperties) = preSolution
		HideSolutionNode = FALSE
	EndGlobalSection
	GlobalSection(ExtensibilityGlobals) = postSolution
		SolutionGuid = {35A87F66-5042-49C1-BFD4-9F3053E7C21E}
	EndGlobalSection
EndGlobal
